
Microsoft Visual Studio Solution File, Format Version 12.00
# Visual Studio Version 17
VisualStudioVersion = 17.0.31903.59
MinimumVisualStudioVersion = 10.0.40219.1
Project("{FAE04EC0-301F-11D3-BF4B-00C04F79EFBC}") = "Idmt.Plugin", "Idmt.Plugin\Idmt.Plugin.csproj", "{733A6665-226B-498C-97F1-3F33063A4CEB}"
EndProject
Project("{2150E333-8FDC-42A3-9474-1A3956D46DE8}") = "samples", "samples", "{A98C7932-C24A-431A-9944-987E193ACFBC}"
EndProject
Project("{FAE04EC0-301F-11D3-BF4B-00C04F79EFBC}") = "Idmt.Sample", "samples\Idmt.Sample\Idmt.Sample.csproj", "{7E99D668-69C6-45C9-BCD1-7B3A6691647F}"
EndProject
Global
	GlobalSection(SolutionConfigurationPlatforms) = preSolution
		Debug|Any CPU = Debug|Any CPU
		Release|Any CPU = Release|Any CPU
	EndGlobalSection
	GlobalSection(SolutionProperties) = preSolution
		HideSolutionNode = FALSE
	EndGlobalSection
	GlobalSection(ProjectConfigurationPlatforms) = postSolution
		{733A6665-226B-498C-97F1-3F33063A4CEB}.Debug|Any CPU.ActiveCfg = Debug|Any CPU
		{733A6665-226B-498C-97F1-3F33063A4CEB}.Debug|Any CPU.Build.0 = Debug|Any CPU
		{733A6665-226B-498C-97F1-3F33063A4CEB}.Release|Any CPU.ActiveCfg = Release|Any CPU
		{733A6665-226B-498C-97F1-3F33063A4CEB}.Release|Any CPU.Build.0 = Release|Any CPU
		{7E99D668-69C6-45C9-BCD1-7B3A6691647F}.Debug|Any CPU.ActiveCfg = Debug|Any CPU
		{7E99D668-69C6-45C9-BCD1-7B3A6691647F}.Debug|Any CPU.Build.0 = Debug|Any CPU
		{7E99D668-69C6-45C9-BCD1-7B3A6691647F}.Release|Any CPU.ActiveCfg = Release|Any CPU
		{7E99D668-69C6-45C9-BCD1-7B3A6691647F}.Release|Any CPU.Build.0 = Release|Any CPU
	EndGlobalSection
	GlobalSection(NestedProjects) = preSolution
		{7E99D668-69C6-45C9-BCD1-7B3A6691647F} = {A98C7932-C24A-431A-9944-987E193ACFBC}
	EndGlobalSection
EndGlobal
