
Microsoft Visual Studio Solution File, Format Version 12.00
# Visual Studio Version 17
VisualStudioVersion = 17.0.31903.59
MinimumVisualStudioVersion = 10.0.40219.1
Project("{FAE04EC0-301F-11D3-BF4B-00C04F79EFBC}") = "Idmt.Plugin", "Idmt.Plugin\Idmt.Plugin.csproj", "{733A6665-226B-498C-97F1-3F33063A4CEB}"
EndProject
Project("{2150E333-8FDC-42A3-9474-1A3956D46DE8}") = "samples", "samples", "{A98C7932-C24A-431A-9944-987E193ACFBC}"
EndProject
Project("{FAE04EC0-301F-11D3-BF4B-00C04F79EFBC}") = "Idmt.BasicSample", "samples\Idmt.BasicSample\Idmt.BasicSample.csproj", "{7A3DB082-6320-4B95-B0E1-848688215E21}"
EndProject
Project("{2150E333-8FDC-42A3-9474-1A3956D46DE8}") = "tests", "tests", "{F3D577DA-B949-4028-B52F-8BC6CA8A9647}"
EndProject
Project("{FAE04EC0-301F-11D3-BF4B-00C04F79EFBC}") = "Idmt.BasicSample.Tests", "tests\Idmt.BasicSample.Tests\Idmt.BasicSample.Tests.csproj", "{CD3EFBE5-8F2E-4A5B-A5A6-0D989BC1BE91}"
EndProject
Global
	GlobalSection(SolutionConfigurationPlatforms) = preSolution
		Debug|Any CPU = Debug|Any CPU
		Release|Any CPU = Release|Any CPU
	EndGlobalSection
	GlobalSection(ProjectConfigurationPlatforms) = postSolution
		{733A6665-226B-498C-97F1-3F33063A4CEB}.Debug|Any CPU.ActiveCfg = Debug|Any CPU
		{733A6665-226B-498C-97F1-3F33063A4CEB}.Debug|Any CPU.Build.0 = Debug|Any CPU
		{733A6665-226B-498C-97F1-3F33063A4CEB}.Release|Any CPU.ActiveCfg = Release|Any CPU
		{733A6665-226B-498C-97F1-3F33063A4CEB}.Release|Any CPU.Build.0 = Release|Any CPU
		{7A3DB082-6320-4B95-B0E1-848688215E21}.Debug|Any CPU.ActiveCfg = Debug|Any CPU
		{7A3DB082-6320-4B95-B0E1-848688215E21}.Debug|Any CPU.Build.0 = Debug|Any CPU
		{7A3DB082-6320-4B95-B0E1-848688215E21}.Release|Any CPU.ActiveCfg = Release|Any CPU
		{7A3DB082-6320-4B95-B0E1-848688215E21}.Release|Any CPU.Build.0 = Release|Any CPU
		{CD3EFBE5-8F2E-4A5B-A5A6-0D989BC1BE91}.Debug|Any CPU.ActiveCfg = Debug|Any CPU
		{CD3EFBE5-8F2E-4A5B-A5A6-0D989BC1BE91}.Debug|Any CPU.Build.0 = Debug|Any CPU
		{CD3EFBE5-8F2E-4A5B-A5A6-0D989BC1BE91}.Release|Any CPU.ActiveCfg = Release|Any CPU
		{CD3EFBE5-8F2E-4A5B-A5A6-0D989BC1BE91}.Release|Any CPU.Build.0 = Release|Any CPU
	EndGlobalSection
	GlobalSection(SolutionProperties) = preSolution
		HideSolutionNode = FALSE
	EndGlobalSection
	GlobalSection(NestedProjects) = preSolution
		{7A3DB082-6320-4B95-B0E1-848688215E21} = {A98C7932-C24A-431A-9944-987E193ACFBC}
		{CD3EFBE5-8F2E-4A5B-A5A6-0D989BC1BE91} = {F3D577DA-B949-4028-B52F-8BC6CA8A9647}
	EndGlobalSection
EndGlobal
